<?xml version="1.0" encoding="utf-8"?>
<Project ToolsVersion="4.0" xmlns="http://schemas.microsoft.com/developer/msbuild/2003">
  <ItemGroup>
    <Filter Include="Source Files">
      <UniqueIdentifier>{4FC737F1-C7A5-4376-A066-2A32D752A2FF}</UniqueIdentifier>
      <Extensions>cpp;c;cc;cxx;def;odl;idl;hpj;bat;asm;asmx</Extensions>
    </Filter>
    <Filter Include="Source Files\graphic">
      <UniqueIdentifier>{b3bf270d-7bf3-4a40-9fb8-356bf49c15db}</UniqueIdentifier>
    </Filter>
    <Filter Include="Source Files\graphic\surface">
      <UniqueIdentifier>{6fb7b61a-965a-498f-9af0-db9e70392f1a}</UniqueIdentifier>
    </Filter>
    <Filter Include="Header Files">
      <UniqueIdentifier>{93995380-89BD-4b04-88EB-625FBE52EBFB}</UniqueIdentifier>
      <Extensions>h;hpp;hxx;hm;inl;inc;xsd</Extensions>
    </Filter>
    <Filter Include="Resource Files">
      <UniqueIdentifier>{67DA6AB6-F800-4c08-8B7A-83BB121AAD01}</UniqueIdentifier>
      <Extensions>rc;ico;cur;bmp;dlg;rc2;rct;bin;rgs;gif;jpg;jpeg;jpe;resx;tiff;tif;png;wav</Extensions>
    </Filter>
  </ItemGroup>
  <ItemGroup>
    <ClCompile Include="..\..\..\..\..\src\lamna\gui\windows\atom.cpp">
      <Filter>Source Files</Filter>
    </ClCompile>
    <ClCompile Include="..\..\..\..\..\src\lamna\gui\windows\brush.cpp">
      <Filter>Source Files</Filter>
    </ClCompile>
    <ClCompile Include="..\..\..\..\..\src\lamna\gui\windows\handle.cpp">
      <Filter>Source Files</Filter>
    </ClCompile>
    <ClCompile Include="..\..\..\..\..\src\lamna\gui\windows\hwnd.cpp">
      <Filter>Source Files</Filter>
    </ClCompile>
    <ClCompile Include="..\..\..\..\..\src\lamna\app\gui\windows\hello\main.cpp">
      <Filter>Source Files</Filter>
    </ClCompile>
    <ClCompile Include="..\..\..\..\..\..\nadir\src\xos\base\getopt\main_implement.cpp">
      <Filter>Source Files</Filter>
    </ClCompile>
    <ClCompile Include="..\..\..\..\..\src\lamna\app\gui\windows\hello\main_window.cpp">
      <Filter>Source Files</Filter>
    </ClCompile>
    <ClCompile Include="..\..\..\..\..\src\lamna\gui\windows\message_target.cpp">
      <Filter>Source Files</Filter>
    </ClCompile>
    <ClCompile Include="..\..\..\..\..\src\lamna\gui\windows\window.cpp">
      <Filter>Source Files</Filter>
    </ClCompile>
    <ClCompile Include="..\..\..\..\..\src\lamna\gui\windows\window_class.cpp">
      <Filter>Source Files</Filter>
    </ClCompile>
    <ClCompile Include="..\..\..\..\..\src\lamna\gui\windows\window_main.cpp">
      <Filter>Source Files</Filter>
    </ClCompile>
    <ClCompile Include="..\..\..\..\..\src\lamna\gui\windows\WinMain.cpp">
      <Filter>Source Files</Filter>
    </ClCompile>
    <ClCompile Include="..\..\..\..\..\src\lamna\graphic\surface\windows\color.cpp">
      <Filter>Source Files\graphic\surface</Filter>
    </ClCompile>
    <ClCompile Include="..\..\..\..\..\src\lamna\graphic\surface\windows\context.cpp">
      <Filter>Source Files\graphic\surface</Filter>
    </ClCompile>
    <ClCompile Include="..\..\..\..\..\src\lamna\graphic\surface\windows\image.cpp">
      <Filter>Source Files\graphic\surface</Filter>
    </ClCompile>
    <ClCompile Include="..\..\..\..\..\src\lamna\graphic\surface\windows\object.cpp">
      <Filter>Source Files\graphic\surface</Filter>
    </ClCompile>
    <ClCompile Include="..\..\..\..\..\src\lamna\graphic\surface\windows\pixel.cpp">
      <Filter>Source Files\graphic\surface</Filter>
    </ClCompile>
  </ItemGroup>
  <ItemGroup>
    <ClInclude Include="..\..\..\..\..\..\nadir\src\xos\base\getopt\main_implement.hpp">
      <Filter>Header Files</Filter>
    </ClInclude>
    <ClInclude Include="..\..\..\..\..\src\lamna\app\gui\windows\hello\main_window.hpp">
      <Filter>Header Files</Filter>
    </ClInclude>
  </ItemGroup>
</Project>