
Microsoft Visual Studio Solution File, Format Version 12.00
# Visual Studio 14
VisualStudioVersion = 14.0.24720.0
MinimumVisualStudioVersion = 10.0.40219.1
Project("{2150E333-8FDC-42A3-9474-1A3956D46DE8}") = "app", "app", "{CE618FFE-D502-45D2-8A2C-3AD190BB22FD}"
EndProject
Project("{2150E333-8FDC-42A3-9474-1A3956D46DE8}") = "lib", "lib", "{6D93F46F-B05A-4E37-9174-4264692061AF}"
EndProject
Project("{2150E333-8FDC-42A3-9474-1A3956D46DE8}") = "properties", "properties", "{145C072A-BD50-4C1A-8916-B59A8AD6F7D6}"
	ProjectSection(SolutionItems) = preProject
		..\lamna.props = ..\lamna.props
		..\nadir.props = ..\nadir.props
		vcversion.props = vcversion.props
		..\vcxproj.props = ..\vcxproj.props
	EndProjectSection
EndProject
Project("{8BC9CEB8-8B4A-11D0-8D11-00A0C91BC942}") = "liblamna", "liblamna\liblamna.vcxproj", "{725A0F72-4934-4713-983F-2590D6574C3F}"
EndProject
Project("{8BC9CEB8-8B4A-11D0-8D11-00A0C91BC942}") = "WinLHello", "WinLHello\WinLHello.vcxproj", "{A39286A7-9BDC-4537-B183-FF0D71BF0BBF}"
	ProjectSection(ProjectDependencies) = postProject
		{725A0F72-4934-4713-983F-2590D6574C3F} = {725A0F72-4934-4713-983F-2590D6574C3F}
	EndProjectSection
EndProject
Global
	GlobalSection(SolutionConfigurationPlatforms) = preSolution
		Debug|x64 = Debug|x64
		Debug|x86 = Debug|x86
		Release|x64 = Release|x64
		Release|x86 = Release|x86
	EndGlobalSection
	GlobalSection(ProjectConfigurationPlatforms) = postSolution
		{725A0F72-4934-4713-983F-2590D6574C3F}.Debug|x64.ActiveCfg = Debug|x64
		{725A0F72-4934-4713-983F-2590D6574C3F}.Debug|x64.Build.0 = Debug|x64
		{725A0F72-4934-4713-983F-2590D6574C3F}.Debug|x86.ActiveCfg = Debug|Win32
		{725A0F72-4934-4713-983F-2590D6574C3F}.Debug|x86.Build.0 = Debug|Win32
		{725A0F72-4934-4713-983F-2590D6574C3F}.Release|x64.ActiveCfg = Release|x64
		{725A0F72-4934-4713-983F-2590D6574C3F}.Release|x64.Build.0 = Release|x64
		{725A0F72-4934-4713-983F-2590D6574C3F}.Release|x86.ActiveCfg = Release|Win32
		{725A0F72-4934-4713-983F-2590D6574C3F}.Release|x86.Build.0 = Release|Win32
		{A39286A7-9BDC-4537-B183-FF0D71BF0BBF}.Debug|x64.ActiveCfg = Debug|x64
		{A39286A7-9BDC-4537-B183-FF0D71BF0BBF}.Debug|x64.Build.0 = Debug|x64
		{A39286A7-9BDC-4537-B183-FF0D71BF0BBF}.Debug|x86.ActiveCfg = Debug|Win32
		{A39286A7-9BDC-4537-B183-FF0D71BF0BBF}.Debug|x86.Build.0 = Debug|Win32
		{A39286A7-9BDC-4537-B183-FF0D71BF0BBF}.Release|x64.ActiveCfg = Release|x64
		{A39286A7-9BDC-4537-B183-FF0D71BF0BBF}.Release|x64.Build.0 = Release|x64
		{A39286A7-9BDC-4537-B183-FF0D71BF0BBF}.Release|x86.ActiveCfg = Release|Win32
		{A39286A7-9BDC-4537-B183-FF0D71BF0BBF}.Release|x86.Build.0 = Release|Win32
	EndGlobalSection
	GlobalSection(SolutionProperties) = preSolution
		HideSolutionNode = FALSE
	EndGlobalSection
	GlobalSection(NestedProjects) = preSolution
		{725A0F72-4934-4713-983F-2590D6574C3F} = {6D93F46F-B05A-4E37-9174-4264692061AF}
		{A39286A7-9BDC-4537-B183-FF0D71BF0BBF} = {CE618FFE-D502-45D2-8A2C-3AD190BB22FD}
	EndGlobalSection
EndGlobal
